
Microsoft Visual Studio Solution File, Format Version 12.00
# Visual Studio Version 17
VisualStudioVersion = 17.4.33213.308
MinimumVisualStudioVersion = 10.0.40219.1
Project("{FAE04EC0-301F-11D3-BF4B-00C04F79EFBC}") = "Game project OOP", "Game project OOP.csproj", "{40287A7E-A4AA-4D8B-90B8-D3710C303925}"
EndProject
Global
	GlobalSection(SolutionConfigurationPlatforms) = preSolution
		Debug|Any CPU = Debug|Any CPU
		Release|Any CPU = Release|Any CPU
	EndGlobalSection
	GlobalSection(ProjectConfigurationPlatforms) = postSolution
		{40287A7E-A4AA-4D8B-90B8-D3710C303925}.Debug|Any CPU.ActiveCfg = Debug|Any CPU
		{40287A7E-A4AA-4D8B-90B8-D3710C303925}.Debug|Any CPU.Build.0 = Debug|Any CPU
		{40287A7E-A4AA-4D8B-90B8-D3710C303925}.Release|Any CPU.ActiveCfg = Release|Any CPU
		{40287A7E-A4AA-4D8B-90B8-D3710C303925}.Release|Any CPU.Build.0 = Release|Any CPU
	EndGlobalSection
	GlobalSection(SolutionProperties) = preSolution
		HideSolutionNode = FALSE
	EndGlobalSection
	GlobalSection(ExtensibilityGlobals) = postSolution
		SolutionGuid = {97EAB110-3BE3-45E3-81FD-2CAF29399685}
	EndGlobalSection
EndGlobal
